
Microsoft Visual Studio Solution File, Format Version 12.00
# Visual Studio Version 17
VisualStudioVersion = 17.0.31903.59
MinimumVisualStudioVersion = 10.0.40219.1
Project("{2150E333-8FDC-42A3-9474-1A3956D46DE8}") = "Day01", "Week01\Day01", "{2E69B2C7-4210-4C65-A028-3457D82AB556}"
EndProject
Project("{FAE04EC0-301F-11D3-BF4B-00C04F79EFBC}") = "Object", "Week01\Day01\Object\Object.csproj", "{5790D6DA-8F71-408C-A1D0-C76F0F532DFF}"
EndProject
Project("{FAE04EC0-301F-11D3-BF4B-00C04F79EFBC}") = "Calculator", "Week01\Day01\Calculator\Calculator.csproj", "{69B645DD-98FC-4A12-B9E9-F64C573A9DD2}"
EndProject
Project("{2150E333-8FDC-42A3-9474-1A3956D46DE8}") = "Day02", "Week01\Day02", "{88F190EC-AFD6-4379-B598-43F30480C296}"
EndProject
Project("{FAE04EC0-301F-11D3-BF4B-00C04F79EFBC}") = "Constructor", "Week01\Day02\Constructor\Constructor.csproj", "{D16A2988-0DB6-4AF7-994D-588F9EC7FEAC}"
EndProject
Project("{FAE04EC0-301F-11D3-BF4B-00C04F79EFBC}") = "Composition", "Week01\Day02\Composition\Composition.csproj", "{1A8C9191-5504-4D09-9D53-0F6E6C8B3DFF}"
EndProject
Project("{FAE04EC0-301F-11D3-BF4B-00C04F79EFBC}") = "OOP", "Week01\Day02\OOP_Inheritance\OOP.csproj", "{31868794-0028-4DD1-AF18-35746281A574}"
EndProject
Project("{FAE04EC0-301F-11D3-BF4B-00C04F79EFBC}") = "CalcProgram", "Week01\Day02\Calc_Class_Lib\CalcProgram\CalcProgram.csproj", "{2FB5F560-8562-47CF-910A-013F5F263934}"
EndProject
Project("{FAE04EC0-301F-11D3-BF4B-00C04F79EFBC}") = "CalculatorOperator", "Week01\Day02\Calc_Class_Lib\CalculatorOperator\CalculatorOperator.csproj", "{0A0C426E-69C3-4481-9B5E-28ADA5B9CA5E}"
EndProject
Project("{FAE04EC0-301F-11D3-BF4B-00C04F79EFBC}") = "Overriding", "Week01\Day03\Overriding\Overriding.csproj", "{7322688D-7FDF-4EE2-B5B8-DD90488E88E8}"
EndProject
Project("{FAE04EC0-301F-11D3-BF4B-00C04F79EFBC}") = "Static", "Week01\Day03\Static\Static.csproj", "{42B8F922-1804-4EBE-B294-5EA7E3DDA623}"
EndProject
Project("{FAE04EC0-301F-11D3-BF4B-00C04F79EFBC}") = "Extension_Method", "Week01\Day03\Extension_Method\Extension_Method.csproj", "{459D925F-07B2-4F4F-ADF0-E284085D5EC2}"
EndProject
Project("{FAE04EC0-301F-11D3-BF4B-00C04F79EFBC}") = "Abstraction", "Week01\Day03\Abstraction\Abstraction.csproj", "{FCC3A573-C9C8-4FB6-BC4E-9DDC6DE2084F}"
EndProject
Project("{2150E333-8FDC-42A3-9474-1A3956D46DE8}") = "Day03", "Week01\Day03", "{457EF28E-7A12-4C25-8CFA-F16182852DB9}"
EndProject
Project("{FAE04EC0-301F-11D3-BF4B-00C04F79EFBC}") = "Interface", "Week01\Day04\Interface\Interface.csproj", "{52AB4200-05CE-4283-8B0A-B3D5C8B02B86}"
EndProject
Project("{FAE04EC0-301F-11D3-BF4B-00C04F79EFBC}") = "LivingOrganism", "Week01\Day04\LivingOrganism\LivingOrganism.csproj", "{7E1825B0-6C34-47F2-B63A-A72E09F72E06}"
EndProject
Project("{FAE04EC0-301F-11D3-BF4B-00C04F79EFBC}") = "InterfaceMenu", "Week01\Day04\InterfaceMenu\InterfaceMenu.csproj", "{5F4C2E7C-99FF-4913-B169-A3C9B79D5C22}"
EndProject
Project("{2150E333-8FDC-42A3-9474-1A3956D46DE8}") = "Day04", "Week01\Day04", "{E78C8173-E470-4AD7-A22B-E3AC32D09023}"
EndProject
Project("{FAE04EC0-301F-11D3-BF4B-00C04F79EFBC}") = "Calc_TryCatch_RefParam", "Week01\Day05\Calc_TryCatch_RefParam\Calc_TryCatch_RefParam.csproj", "{EECFF4A8-22C5-421B-938E-250546CF251D}"
EndProject
Project("{FAE04EC0-301F-11D3-BF4B-00C04F79EFBC}") = "SimGame2", "Week01\Day05\SimGame2\SimGame2.csproj", "{87A55A2D-495D-49B7-96C4-327640E1DEFF}"
EndProject
Project("{2150E333-8FDC-42A3-9474-1A3956D46DE8}") = "Day05", "Week01\Day05", "{F6CFA392-A3A1-40BC-919B-BC4E96F50C97}"
EndProject
Project("{FAE04EC0-301F-11D3-BF4B-00C04F79EFBC}") = "ActionFunc", "Week02\Day06\ActionFunc\ActionFunc.csproj", "{CD999C8F-377E-4A24-ACB7-614D3F061A8A}"
EndProject
Project("{FAE04EC0-301F-11D3-BF4B-00C04F79EFBC}") = "AnonymousMethod", "Week02\Day06\AnonymousMethod\AnonymousMethod.csproj", "{F321A670-9825-4A3E-A66D-F29485ECBDAF}"
EndProject
Project("{FAE04EC0-301F-11D3-BF4B-00C04F79EFBC}") = "Event", "Week02\Day06\Event\Event.csproj", "{6CE8A093-D436-4742-A936-11864D7E84B6}"
EndProject
Project("{2150E333-8FDC-42A3-9474-1A3956D46DE8}") = "FooBar", "FooBar", "{3CFF6FA2-AB23-49A4-BFBA-7263FD050C32}"
EndProject
Project("{FAE04EC0-301F-11D3-BF4B-00C04F79EFBC}") = "FooBar", "FooBar\FooBar\FooBar.csproj", "{E75B9368-540E-4133-9121-B0BFDA05BA1A}"
EndProject
Project("{FAE04EC0-301F-11D3-BF4B-00C04F79EFBC}") = "OperatorOverloading", "Week02\Day06\OperatorOverloading\OperatorOverloading.csproj", "{C861219D-969D-48EB-A1D4-DB9ED0E6776F}"
EndProject
Project("{2150E333-8FDC-42A3-9474-1A3956D46DE8}") = "Day06", "Week02\Day06", "{E18A15D7-09E6-43DB-A245-3145DBEF23BB}"
EndProject
Project("{FAE04EC0-301F-11D3-BF4B-00C04F79EFBC}") = "StringComparison", "Week03\Day12\StringComparison\StringComparison.csproj", "{D5F1670E-DE41-48BF-9ADF-50143FBB2F0B}"
EndProject
Project("{FAE04EC0-301F-11D3-BF4B-00C04F79EFBC}") = "StringBuilder", "Week03\Day12\StringBuilder\StringBuilder.csproj", "{CCF73EE2-9BED-4F52-B4BC-BC6585F6987F}"
EndProject
Project("{FAE04EC0-301F-11D3-BF4B-00C04F79EFBC}") = "Finalizer", "Week03\Day12\Finalizer\Finalizer.csproj", "{01C55A5D-7144-4EFC-969F-C712DF33E937}"
EndProject
Project("{FAE04EC0-301F-11D3-BF4B-00C04F79EFBC}") = "Dispose", "Week03\Day13\Dispose\Dispose.csproj", "{34D349B9-274E-4897-8D79-4A07DF79B330}"
EndProject
Project("{FAE04EC0-301F-11D3-BF4B-00C04F79EFBC}") = "Debugger", "Week03\Day13\Debugger\Debugger.csproj", "{54F1046F-FBF8-4243-9AF6-64015785A3B1}"
EndProject
Project("{FAE04EC0-301F-11D3-BF4B-00C04F79EFBC}") = "HotReload", "Week03\Day13\HotReload\HotReload.csproj", "{8FC6B6FD-4373-4C50-AF84-7002EF196F05}"
EndProject
Project("{2150E333-8FDC-42A3-9474-1A3956D46DE8}") = "Day12", "Week03\Day12", "{D8C1E9B1-4F3D-4205-8712-DAD677DA6CDC}"
EndProject
Project("{2150E333-8FDC-42A3-9474-1A3956D46DE8}") = "Day13", "Week03\Day13", "{90574E4D-E9E9-4C1C-A6F9-E06673AEDF47}"
EndProject
Project("{FAE04EC0-301F-11D3-BF4B-00C04F79EFBC}") = "Multithreading", "Week03\Day14\Multithreading\Multithreading.csproj", "{54128D74-B864-4458-BAC3-F5794F6499C7}"
EndProject
Project("{FAE04EC0-301F-11D3-BF4B-00C04F79EFBC}") = "ThreadExceptionHandling", "Week03\Day14\ThreadExceptionHandling\ThreadExceptionHandling.csproj", "{DB4723C7-1E56-4B02-8F2A-088DE206A05B}"
EndProject
Project("{FAE04EC0-301F-11D3-BF4B-00C04F79EFBC}") = "ThreadWithReturn", "Week03\Day14\ThreadWithReturn\ThreadWithReturn.csproj", "{572B6957-081A-415F-9C1C-841BB448F1C1}"
EndProject
Project("{FAE04EC0-301F-11D3-BF4B-00C04F79EFBC}") = "Task", "Week03\Day14\Task\Task.csproj", "{D6A6761B-C2AF-4668-873C-4B3729E2E0AC}"
EndProject
Project("{FAE04EC0-301F-11D3-BF4B-00C04F79EFBC}") = "TaskExceptionHandling", "Week03\Day14\TaskExceptionHandling\TaskExceptionHandling.csproj", "{C095E32C-46C9-494F-BA08-788FF2EC0934}"
EndProject
Project("{2150E333-8FDC-42A3-9474-1A3956D46DE8}") = "Week01", "Week01", "{0E30065F-4B46-4A2A-B59A-517383CC5273}"
EndProject
Project("{2150E333-8FDC-42A3-9474-1A3956D46DE8}") = "Week02", "Week02", "{FD68E05D-ED61-483E-925A-9B23436C8F71}"
EndProject
Project("{2150E333-8FDC-42A3-9474-1A3956D46DE8}") = "Week03", "Week03", "{BDA705C4-054E-49FB-999D-BD8873629E48}"
EndProject
Project("{2150E333-8FDC-42A3-9474-1A3956D46DE8}") = "Day14", "Day14", "{25C3CB72-4FE4-4947-AE06-F330CCCAA9B3}"
EndProject
Project("{FAE04EC0-301F-11D3-BF4B-00C04F79EFBC}") = "ThreadTaskComparison", "Week03\Day15\ThreadTaskComparison\ThreadTaskComparison.csproj", "{D00FDFBF-6EBA-4743-BBE2-78085F262FAC}"
EndProject
Project("{FAE04EC0-301F-11D3-BF4B-00C04F79EFBC}") = "TaskAsync", "Week03\Day15\TaskAsync\TaskAsync.csproj", "{5EAF7F28-F63E-4B2B-873E-631B640559E8}"
EndProject
Project("{FAE04EC0-301F-11D3-BF4B-00C04F79EFBC}") = "CancelToken", "Week03\Day15\CancelToken\CancelToken.csproj", "{DD9771B6-EA1F-4684-9848-9961576624C8}"
EndProject
Project("{FAE04EC0-301F-11D3-BF4B-00C04F79EFBC}") = "LockMechanism", "Week03\Day15\LockMechanism\LockMechanism.csproj", "{AD5FEDEA-2239-4982-87C8-7404FB4B2E0F}"
EndProject
Project("{2150E333-8FDC-42A3-9474-1A3956D46DE8}") = "Day15", "Day15", "{B176233C-F19F-4904-8E46-1AAF0E1EBDE1}"
EndProject
Project("{FAE04EC0-301F-11D3-BF4B-00C04F79EFBC}") = "FileStreamCreate", "Week04\Day17\FileStreamCreate\FileStreamCreate.csproj", "{51A5BEF4-1E56-4B24-8C37-6FF8AFBBEA86}"
EndProject
Project("{FAE04EC0-301F-11D3-BF4B-00C04F79EFBC}") = "FileStreamOpen", "Week04\Day17\FileStreamOpen\FileStreamOpen.csproj", "{CF78D680-FFCE-4478-8784-FFB5CB4209ED}"
EndProject
Project("{FAE04EC0-301F-11D3-BF4B-00C04F79EFBC}") = "StreamReaderTest", "Week04\Day17\StreamReaderTest\StreamReaderTest.csproj", "{513A073F-CFC2-42FD-A7D6-1AAA8B25796F}"
EndProject
Project("{FAE04EC0-301F-11D3-BF4B-00C04F79EFBC}") = "JSONSerializer", "Week04\Day17\JSONSerializer\JSONSerializer.csproj", "{75A055BF-8F34-42C9-95B2-53F1F795F3ED}"
EndProject
Project("{FAE04EC0-301F-11D3-BF4B-00C04F79EFBC}") = "JSONDeserializer", "Week04\Day17\JSONDeserializer\JSONDeserializer.csproj", "{6206D7F5-3E58-4CF2-9E15-54523CE89A60}"
EndProject
Project("{FAE04EC0-301F-11D3-BF4B-00C04F79EFBC}") = "XMLSerializer", "Week04\Day17\XMLSerializer\XMLSerializer.csproj", "{B5B5EDBD-80A7-424A-B478-C5175FFD9127}"
EndProject
Project("{FAE04EC0-301F-11D3-BF4B-00C04F79EFBC}") = "DataContractt", "Week04\Day17\DataContract\DataContractt.csproj", "{92F1C164-9A84-4766-A124-A1C878B44796}"
EndProject
Project("{FAE04EC0-301F-11D3-BF4B-00C04F79EFBC}") = "DataContractDeserialize", "Week04\Day17\DataContractDeserialize\DataContractDeserialize.csproj", "{EEBCFD1F-0DA3-410F-AD96-F86EE7C1DFC2}"
EndProject
Project("{2150E333-8FDC-42A3-9474-1A3956D46DE8}") = "Week04", "Week04", "{877BD294-6816-4C56-A7B3-0B63A22CF582}"
EndProject
Project("{2150E333-8FDC-42A3-9474-1A3956D46DE8}") = "Day17", "Day17", "{8DD05C47-E45B-475F-B519-487B14530D17}"
EndProject
Project("{FAE04EC0-301F-11D3-BF4B-00C04F79EFBC}") = "LoggerGameController", "LoggerGameController\LoggerGameController.csproj", "{ED2EF96E-4CB6-433A-9772-B80A6BDBFD82}"
EndProject
Project("{2150E333-8FDC-42A3-9474-1A3956D46DE8}") = "Week05", "Week05", "{2515E96D-5690-438B-AB99-DB4E42F041DF}"
EndProject
Project("{FAE04EC0-301F-11D3-BF4B-00C04F79EFBC}") = "Calc", "Week05\Calc\Calc.csproj", "{F4F1F08C-8182-4EA2-9410-16EF1A3FF7A6}"
EndProject
Project("{FAE04EC0-301F-11D3-BF4B-00C04F79EFBC}") = "Calc.Test", "Week05\Calc.Test\Calc.Test.csproj", "{B030CAAE-34D9-4E0B-A5CC-495CC5EE8FB7}"
EndProject
Project("{FAE04EC0-301F-11D3-BF4B-00C04F79EFBC}") = "Calc.Test2", "Week05\Calc.Test2\Calc.Test2.csproj", "{A281EC8D-5980-4C8F-985D-06E534B7E51F}"
EndProject
Project("{FAE04EC0-301F-11D3-BF4B-00C04F79EFBC}") = "GameControllerTest", "Week05\GameControllerTest\GameControllerTest.csproj", "{8F7183DA-681C-4222-AF1F-7DCD8B416322}"
EndProject
Project("{FAE04EC0-301F-11D3-BF4B-00C04F79EFBC}") = "EntityFrameworkTutorial", "Week05\EntityFrameworkTutorial\EntityFrameworkTutorial.csproj", "{189C79B3-8544-4A8C-BDCC-B356F0F3117D}"
EndProject
Project("{FAE04EC0-301F-11D3-BF4B-00C04F79EFBC}") = "EFCodeFirst", "Week05\EFCodeFirst\EFCodeFirst.csproj", "{FB422FF8-2500-4482-A0A0-E3E2B536CA16}"
EndProject
Project("{FAE04EC0-301F-11D3-BF4B-00C04F79EFBC}") = "EF_FluentAPI", "Week05\EF_FluentAPI\EF_FluentAPI.csproj", "{2B122852-9C8C-43BA-AF82-CA7FFB3BB54C}"
EndProject
Global
	GlobalSection(SolutionConfigurationPlatforms) = preSolution
		Debug|Any CPU = Debug|Any CPU
		Release|Any CPU = Release|Any CPU
	EndGlobalSection
	GlobalSection(SolutionProperties) = preSolution
		HideSolutionNode = FALSE
	EndGlobalSection
	GlobalSection(ProjectConfigurationPlatforms) = postSolution
		{5790D6DA-8F71-408C-A1D0-C76F0F532DFF}.Debug|Any CPU.ActiveCfg = Debug|Any CPU
		{5790D6DA-8F71-408C-A1D0-C76F0F532DFF}.Debug|Any CPU.Build.0 = Debug|Any CPU
		{5790D6DA-8F71-408C-A1D0-C76F0F532DFF}.Release|Any CPU.ActiveCfg = Release|Any CPU
		{5790D6DA-8F71-408C-A1D0-C76F0F532DFF}.Release|Any CPU.Build.0 = Release|Any CPU
		{69B645DD-98FC-4A12-B9E9-F64C573A9DD2}.Debug|Any CPU.ActiveCfg = Debug|Any CPU
		{69B645DD-98FC-4A12-B9E9-F64C573A9DD2}.Debug|Any CPU.Build.0 = Debug|Any CPU
		{69B645DD-98FC-4A12-B9E9-F64C573A9DD2}.Release|Any CPU.ActiveCfg = Release|Any CPU
		{69B645DD-98FC-4A12-B9E9-F64C573A9DD2}.Release|Any CPU.Build.0 = Release|Any CPU
		{D16A2988-0DB6-4AF7-994D-588F9EC7FEAC}.Debug|Any CPU.ActiveCfg = Debug|Any CPU
		{D16A2988-0DB6-4AF7-994D-588F9EC7FEAC}.Debug|Any CPU.Build.0 = Debug|Any CPU
		{D16A2988-0DB6-4AF7-994D-588F9EC7FEAC}.Release|Any CPU.ActiveCfg = Release|Any CPU
		{D16A2988-0DB6-4AF7-994D-588F9EC7FEAC}.Release|Any CPU.Build.0 = Release|Any CPU
		{1A8C9191-5504-4D09-9D53-0F6E6C8B3DFF}.Debug|Any CPU.ActiveCfg = Debug|Any CPU
		{1A8C9191-5504-4D09-9D53-0F6E6C8B3DFF}.Debug|Any CPU.Build.0 = Debug|Any CPU
		{1A8C9191-5504-4D09-9D53-0F6E6C8B3DFF}.Release|Any CPU.ActiveCfg = Release|Any CPU
		{1A8C9191-5504-4D09-9D53-0F6E6C8B3DFF}.Release|Any CPU.Build.0 = Release|Any CPU
		{31868794-0028-4DD1-AF18-35746281A574}.Debug|Any CPU.ActiveCfg = Debug|Any CPU
		{31868794-0028-4DD1-AF18-35746281A574}.Debug|Any CPU.Build.0 = Debug|Any CPU
		{31868794-0028-4DD1-AF18-35746281A574}.Release|Any CPU.ActiveCfg = Release|Any CPU
		{31868794-0028-4DD1-AF18-35746281A574}.Release|Any CPU.Build.0 = Release|Any CPU
		{2FB5F560-8562-47CF-910A-013F5F263934}.Debug|Any CPU.ActiveCfg = Debug|Any CPU
		{2FB5F560-8562-47CF-910A-013F5F263934}.Debug|Any CPU.Build.0 = Debug|Any CPU
		{2FB5F560-8562-47CF-910A-013F5F263934}.Release|Any CPU.ActiveCfg = Release|Any CPU
		{2FB5F560-8562-47CF-910A-013F5F263934}.Release|Any CPU.Build.0 = Release|Any CPU
		{0A0C426E-69C3-4481-9B5E-28ADA5B9CA5E}.Debug|Any CPU.ActiveCfg = Debug|Any CPU
		{0A0C426E-69C3-4481-9B5E-28ADA5B9CA5E}.Debug|Any CPU.Build.0 = Debug|Any CPU
		{0A0C426E-69C3-4481-9B5E-28ADA5B9CA5E}.Release|Any CPU.ActiveCfg = Release|Any CPU
		{0A0C426E-69C3-4481-9B5E-28ADA5B9CA5E}.Release|Any CPU.Build.0 = Release|Any CPU
		{7322688D-7FDF-4EE2-B5B8-DD90488E88E8}.Debug|Any CPU.ActiveCfg = Debug|Any CPU
		{7322688D-7FDF-4EE2-B5B8-DD90488E88E8}.Debug|Any CPU.Build.0 = Debug|Any CPU
		{7322688D-7FDF-4EE2-B5B8-DD90488E88E8}.Release|Any CPU.ActiveCfg = Release|Any CPU
		{7322688D-7FDF-4EE2-B5B8-DD90488E88E8}.Release|Any CPU.Build.0 = Release|Any CPU
		{42B8F922-1804-4EBE-B294-5EA7E3DDA623}.Debug|Any CPU.ActiveCfg = Debug|Any CPU
		{42B8F922-1804-4EBE-B294-5EA7E3DDA623}.Debug|Any CPU.Build.0 = Debug|Any CPU
		{42B8F922-1804-4EBE-B294-5EA7E3DDA623}.Release|Any CPU.ActiveCfg = Release|Any CPU
		{42B8F922-1804-4EBE-B294-5EA7E3DDA623}.Release|Any CPU.Build.0 = Release|Any CPU
		{459D925F-07B2-4F4F-ADF0-E284085D5EC2}.Debug|Any CPU.ActiveCfg = Debug|Any CPU
		{459D925F-07B2-4F4F-ADF0-E284085D5EC2}.Debug|Any CPU.Build.0 = Debug|Any CPU
		{459D925F-07B2-4F4F-ADF0-E284085D5EC2}.Release|Any CPU.ActiveCfg = Release|Any CPU
		{459D925F-07B2-4F4F-ADF0-E284085D5EC2}.Release|Any CPU.Build.0 = Release|Any CPU
		{FCC3A573-C9C8-4FB6-BC4E-9DDC6DE2084F}.Debug|Any CPU.ActiveCfg = Debug|Any CPU
		{FCC3A573-C9C8-4FB6-BC4E-9DDC6DE2084F}.Debug|Any CPU.Build.0 = Debug|Any CPU
		{FCC3A573-C9C8-4FB6-BC4E-9DDC6DE2084F}.Release|Any CPU.ActiveCfg = Release|Any CPU
		{FCC3A573-C9C8-4FB6-BC4E-9DDC6DE2084F}.Release|Any CPU.Build.0 = Release|Any CPU
		{52AB4200-05CE-4283-8B0A-B3D5C8B02B86}.Debug|Any CPU.ActiveCfg = Debug|Any CPU
		{52AB4200-05CE-4283-8B0A-B3D5C8B02B86}.Debug|Any CPU.Build.0 = Debug|Any CPU
		{52AB4200-05CE-4283-8B0A-B3D5C8B02B86}.Release|Any CPU.ActiveCfg = Release|Any CPU
		{52AB4200-05CE-4283-8B0A-B3D5C8B02B86}.Release|Any CPU.Build.0 = Release|Any CPU
		{7E1825B0-6C34-47F2-B63A-A72E09F72E06}.Debug|Any CPU.ActiveCfg = Debug|Any CPU
		{7E1825B0-6C34-47F2-B63A-A72E09F72E06}.Debug|Any CPU.Build.0 = Debug|Any CPU
		{7E1825B0-6C34-47F2-B63A-A72E09F72E06}.Release|Any CPU.ActiveCfg = Release|Any CPU
		{7E1825B0-6C34-47F2-B63A-A72E09F72E06}.Release|Any CPU.Build.0 = Release|Any CPU
		{5F4C2E7C-99FF-4913-B169-A3C9B79D5C22}.Debug|Any CPU.ActiveCfg = Debug|Any CPU
		{5F4C2E7C-99FF-4913-B169-A3C9B79D5C22}.Debug|Any CPU.Build.0 = Debug|Any CPU
		{5F4C2E7C-99FF-4913-B169-A3C9B79D5C22}.Release|Any CPU.ActiveCfg = Release|Any CPU
		{5F4C2E7C-99FF-4913-B169-A3C9B79D5C22}.Release|Any CPU.Build.0 = Release|Any CPU
		{EECFF4A8-22C5-421B-938E-250546CF251D}.Debug|Any CPU.ActiveCfg = Debug|Any CPU
		{EECFF4A8-22C5-421B-938E-250546CF251D}.Debug|Any CPU.Build.0 = Debug|Any CPU
		{EECFF4A8-22C5-421B-938E-250546CF251D}.Release|Any CPU.ActiveCfg = Release|Any CPU
		{EECFF4A8-22C5-421B-938E-250546CF251D}.Release|Any CPU.Build.0 = Release|Any CPU
		{87A55A2D-495D-49B7-96C4-327640E1DEFF}.Debug|Any CPU.ActiveCfg = Debug|Any CPU
		{87A55A2D-495D-49B7-96C4-327640E1DEFF}.Debug|Any CPU.Build.0 = Debug|Any CPU
		{87A55A2D-495D-49B7-96C4-327640E1DEFF}.Release|Any CPU.ActiveCfg = Release|Any CPU
		{87A55A2D-495D-49B7-96C4-327640E1DEFF}.Release|Any CPU.Build.0 = Release|Any CPU
		{CD999C8F-377E-4A24-ACB7-614D3F061A8A}.Debug|Any CPU.ActiveCfg = Debug|Any CPU
		{CD999C8F-377E-4A24-ACB7-614D3F061A8A}.Debug|Any CPU.Build.0 = Debug|Any CPU
		{CD999C8F-377E-4A24-ACB7-614D3F061A8A}.Release|Any CPU.ActiveCfg = Release|Any CPU
		{CD999C8F-377E-4A24-ACB7-614D3F061A8A}.Release|Any CPU.Build.0 = Release|Any CPU
		{F321A670-9825-4A3E-A66D-F29485ECBDAF}.Debug|Any CPU.ActiveCfg = Debug|Any CPU
		{F321A670-9825-4A3E-A66D-F29485ECBDAF}.Debug|Any CPU.Build.0 = Debug|Any CPU
		{F321A670-9825-4A3E-A66D-F29485ECBDAF}.Release|Any CPU.ActiveCfg = Release|Any CPU
		{F321A670-9825-4A3E-A66D-F29485ECBDAF}.Release|Any CPU.Build.0 = Release|Any CPU
		{6CE8A093-D436-4742-A936-11864D7E84B6}.Debug|Any CPU.ActiveCfg = Debug|Any CPU
		{6CE8A093-D436-4742-A936-11864D7E84B6}.Debug|Any CPU.Build.0 = Debug|Any CPU
		{6CE8A093-D436-4742-A936-11864D7E84B6}.Release|Any CPU.ActiveCfg = Release|Any CPU
		{6CE8A093-D436-4742-A936-11864D7E84B6}.Release|Any CPU.Build.0 = Release|Any CPU
		{E75B9368-540E-4133-9121-B0BFDA05BA1A}.Debug|Any CPU.ActiveCfg = Debug|Any CPU
		{E75B9368-540E-4133-9121-B0BFDA05BA1A}.Debug|Any CPU.Build.0 = Debug|Any CPU
		{E75B9368-540E-4133-9121-B0BFDA05BA1A}.Release|Any CPU.ActiveCfg = Release|Any CPU
		{E75B9368-540E-4133-9121-B0BFDA05BA1A}.Release|Any CPU.Build.0 = Release|Any CPU
		{C861219D-969D-48EB-A1D4-DB9ED0E6776F}.Debug|Any CPU.ActiveCfg = Debug|Any CPU
		{C861219D-969D-48EB-A1D4-DB9ED0E6776F}.Debug|Any CPU.Build.0 = Debug|Any CPU
		{C861219D-969D-48EB-A1D4-DB9ED0E6776F}.Release|Any CPU.ActiveCfg = Release|Any CPU
		{C861219D-969D-48EB-A1D4-DB9ED0E6776F}.Release|Any CPU.Build.0 = Release|Any CPU
		{D5F1670E-DE41-48BF-9ADF-50143FBB2F0B}.Debug|Any CPU.ActiveCfg = Debug|Any CPU
		{D5F1670E-DE41-48BF-9ADF-50143FBB2F0B}.Debug|Any CPU.Build.0 = Debug|Any CPU
		{D5F1670E-DE41-48BF-9ADF-50143FBB2F0B}.Release|Any CPU.ActiveCfg = Release|Any CPU
		{D5F1670E-DE41-48BF-9ADF-50143FBB2F0B}.Release|Any CPU.Build.0 = Release|Any CPU
		{CCF73EE2-9BED-4F52-B4BC-BC6585F6987F}.Debug|Any CPU.ActiveCfg = Debug|Any CPU
		{CCF73EE2-9BED-4F52-B4BC-BC6585F6987F}.Debug|Any CPU.Build.0 = Debug|Any CPU
		{CCF73EE2-9BED-4F52-B4BC-BC6585F6987F}.Release|Any CPU.ActiveCfg = Release|Any CPU
		{CCF73EE2-9BED-4F52-B4BC-BC6585F6987F}.Release|Any CPU.Build.0 = Release|Any CPU
		{01C55A5D-7144-4EFC-969F-C712DF33E937}.Debug|Any CPU.ActiveCfg = Debug|Any CPU
		{01C55A5D-7144-4EFC-969F-C712DF33E937}.Debug|Any CPU.Build.0 = Debug|Any CPU
		{01C55A5D-7144-4EFC-969F-C712DF33E937}.Release|Any CPU.ActiveCfg = Release|Any CPU
		{01C55A5D-7144-4EFC-969F-C712DF33E937}.Release|Any CPU.Build.0 = Release|Any CPU
		{34D349B9-274E-4897-8D79-4A07DF79B330}.Debug|Any CPU.ActiveCfg = Debug|Any CPU
		{34D349B9-274E-4897-8D79-4A07DF79B330}.Debug|Any CPU.Build.0 = Debug|Any CPU
		{34D349B9-274E-4897-8D79-4A07DF79B330}.Release|Any CPU.ActiveCfg = Release|Any CPU
		{34D349B9-274E-4897-8D79-4A07DF79B330}.Release|Any CPU.Build.0 = Release|Any CPU
		{54F1046F-FBF8-4243-9AF6-64015785A3B1}.Debug|Any CPU.ActiveCfg = Debug|Any CPU
		{54F1046F-FBF8-4243-9AF6-64015785A3B1}.Debug|Any CPU.Build.0 = Debug|Any CPU
		{54F1046F-FBF8-4243-9AF6-64015785A3B1}.Release|Any CPU.ActiveCfg = Release|Any CPU
		{54F1046F-FBF8-4243-9AF6-64015785A3B1}.Release|Any CPU.Build.0 = Release|Any CPU
		{8FC6B6FD-4373-4C50-AF84-7002EF196F05}.Debug|Any CPU.ActiveCfg = Debug|Any CPU
		{8FC6B6FD-4373-4C50-AF84-7002EF196F05}.Debug|Any CPU.Build.0 = Debug|Any CPU
		{8FC6B6FD-4373-4C50-AF84-7002EF196F05}.Release|Any CPU.ActiveCfg = Release|Any CPU
		{8FC6B6FD-4373-4C50-AF84-7002EF196F05}.Release|Any CPU.Build.0 = Release|Any CPU
		{54128D74-B864-4458-BAC3-F5794F6499C7}.Debug|Any CPU.ActiveCfg = Debug|Any CPU
		{54128D74-B864-4458-BAC3-F5794F6499C7}.Debug|Any CPU.Build.0 = Debug|Any CPU
		{54128D74-B864-4458-BAC3-F5794F6499C7}.Release|Any CPU.ActiveCfg = Release|Any CPU
		{54128D74-B864-4458-BAC3-F5794F6499C7}.Release|Any CPU.Build.0 = Release|Any CPU
		{DB4723C7-1E56-4B02-8F2A-088DE206A05B}.Debug|Any CPU.ActiveCfg = Debug|Any CPU
		{DB4723C7-1E56-4B02-8F2A-088DE206A05B}.Debug|Any CPU.Build.0 = Debug|Any CPU
		{DB4723C7-1E56-4B02-8F2A-088DE206A05B}.Release|Any CPU.ActiveCfg = Release|Any CPU
		{DB4723C7-1E56-4B02-8F2A-088DE206A05B}.Release|Any CPU.Build.0 = Release|Any CPU
		{572B6957-081A-415F-9C1C-841BB448F1C1}.Debug|Any CPU.ActiveCfg = Debug|Any CPU
		{572B6957-081A-415F-9C1C-841BB448F1C1}.Debug|Any CPU.Build.0 = Debug|Any CPU
		{572B6957-081A-415F-9C1C-841BB448F1C1}.Release|Any CPU.ActiveCfg = Release|Any CPU
		{572B6957-081A-415F-9C1C-841BB448F1C1}.Release|Any CPU.Build.0 = Release|Any CPU
		{D6A6761B-C2AF-4668-873C-4B3729E2E0AC}.Debug|Any CPU.ActiveCfg = Debug|Any CPU
		{D6A6761B-C2AF-4668-873C-4B3729E2E0AC}.Debug|Any CPU.Build.0 = Debug|Any CPU
		{D6A6761B-C2AF-4668-873C-4B3729E2E0AC}.Release|Any CPU.ActiveCfg = Release|Any CPU
		{D6A6761B-C2AF-4668-873C-4B3729E2E0AC}.Release|Any CPU.Build.0 = Release|Any CPU
		{C095E32C-46C9-494F-BA08-788FF2EC0934}.Debug|Any CPU.ActiveCfg = Debug|Any CPU
		{C095E32C-46C9-494F-BA08-788FF2EC0934}.Debug|Any CPU.Build.0 = Debug|Any CPU
		{C095E32C-46C9-494F-BA08-788FF2EC0934}.Release|Any CPU.ActiveCfg = Release|Any CPU
		{C095E32C-46C9-494F-BA08-788FF2EC0934}.Release|Any CPU.Build.0 = Release|Any CPU
		{D00FDFBF-6EBA-4743-BBE2-78085F262FAC}.Debug|Any CPU.ActiveCfg = Debug|Any CPU
		{D00FDFBF-6EBA-4743-BBE2-78085F262FAC}.Debug|Any CPU.Build.0 = Debug|Any CPU
		{D00FDFBF-6EBA-4743-BBE2-78085F262FAC}.Release|Any CPU.ActiveCfg = Release|Any CPU
		{D00FDFBF-6EBA-4743-BBE2-78085F262FAC}.Release|Any CPU.Build.0 = Release|Any CPU
		{5EAF7F28-F63E-4B2B-873E-631B640559E8}.Debug|Any CPU.ActiveCfg = Debug|Any CPU
		{5EAF7F28-F63E-4B2B-873E-631B640559E8}.Debug|Any CPU.Build.0 = Debug|Any CPU
		{5EAF7F28-F63E-4B2B-873E-631B640559E8}.Release|Any CPU.ActiveCfg = Release|Any CPU
		{5EAF7F28-F63E-4B2B-873E-631B640559E8}.Release|Any CPU.Build.0 = Release|Any CPU
		{DD9771B6-EA1F-4684-9848-9961576624C8}.Debug|Any CPU.ActiveCfg = Debug|Any CPU
		{DD9771B6-EA1F-4684-9848-9961576624C8}.Debug|Any CPU.Build.0 = Debug|Any CPU
		{DD9771B6-EA1F-4684-9848-9961576624C8}.Release|Any CPU.ActiveCfg = Release|Any CPU
		{DD9771B6-EA1F-4684-9848-9961576624C8}.Release|Any CPU.Build.0 = Release|Any CPU
		{AD5FEDEA-2239-4982-87C8-7404FB4B2E0F}.Debug|Any CPU.ActiveCfg = Debug|Any CPU
		{AD5FEDEA-2239-4982-87C8-7404FB4B2E0F}.Debug|Any CPU.Build.0 = Debug|Any CPU
		{AD5FEDEA-2239-4982-87C8-7404FB4B2E0F}.Release|Any CPU.ActiveCfg = Release|Any CPU
		{AD5FEDEA-2239-4982-87C8-7404FB4B2E0F}.Release|Any CPU.Build.0 = Release|Any CPU
		{33B2BE74-1A6A-40E1-8628-2E4679702765}.Debug|Any CPU.ActiveCfg = Debug|Any CPU
		{33B2BE74-1A6A-40E1-8628-2E4679702765}.Debug|Any CPU.Build.0 = Debug|Any CPU
		{33B2BE74-1A6A-40E1-8628-2E4679702765}.Release|Any CPU.ActiveCfg = Release|Any CPU
		{33B2BE74-1A6A-40E1-8628-2E4679702765}.Release|Any CPU.Build.0 = Release|Any CPU
		{51A5BEF4-1E56-4B24-8C37-6FF8AFBBEA86}.Debug|Any CPU.ActiveCfg = Debug|Any CPU
		{51A5BEF4-1E56-4B24-8C37-6FF8AFBBEA86}.Debug|Any CPU.Build.0 = Debug|Any CPU
		{51A5BEF4-1E56-4B24-8C37-6FF8AFBBEA86}.Release|Any CPU.ActiveCfg = Release|Any CPU
		{51A5BEF4-1E56-4B24-8C37-6FF8AFBBEA86}.Release|Any CPU.Build.0 = Release|Any CPU
		{CF78D680-FFCE-4478-8784-FFB5CB4209ED}.Debug|Any CPU.ActiveCfg = Debug|Any CPU
		{CF78D680-FFCE-4478-8784-FFB5CB4209ED}.Debug|Any CPU.Build.0 = Debug|Any CPU
		{CF78D680-FFCE-4478-8784-FFB5CB4209ED}.Release|Any CPU.ActiveCfg = Release|Any CPU
		{CF78D680-FFCE-4478-8784-FFB5CB4209ED}.Release|Any CPU.Build.0 = Release|Any CPU
		{513A073F-CFC2-42FD-A7D6-1AAA8B25796F}.Debug|Any CPU.ActiveCfg = Debug|Any CPU
		{513A073F-CFC2-42FD-A7D6-1AAA8B25796F}.Debug|Any CPU.Build.0 = Debug|Any CPU
		{513A073F-CFC2-42FD-A7D6-1AAA8B25796F}.Release|Any CPU.ActiveCfg = Release|Any CPU
		{513A073F-CFC2-42FD-A7D6-1AAA8B25796F}.Release|Any CPU.Build.0 = Release|Any CPU
		{75A055BF-8F34-42C9-95B2-53F1F795F3ED}.Debug|Any CPU.ActiveCfg = Debug|Any CPU
		{75A055BF-8F34-42C9-95B2-53F1F795F3ED}.Debug|Any CPU.Build.0 = Debug|Any CPU
		{75A055BF-8F34-42C9-95B2-53F1F795F3ED}.Release|Any CPU.ActiveCfg = Release|Any CPU
		{75A055BF-8F34-42C9-95B2-53F1F795F3ED}.Release|Any CPU.Build.0 = Release|Any CPU
		{6206D7F5-3E58-4CF2-9E15-54523CE89A60}.Debug|Any CPU.ActiveCfg = Debug|Any CPU
		{6206D7F5-3E58-4CF2-9E15-54523CE89A60}.Debug|Any CPU.Build.0 = Debug|Any CPU
		{6206D7F5-3E58-4CF2-9E15-54523CE89A60}.Release|Any CPU.ActiveCfg = Release|Any CPU
		{6206D7F5-3E58-4CF2-9E15-54523CE89A60}.Release|Any CPU.Build.0 = Release|Any CPU
		{B5B5EDBD-80A7-424A-B478-C5175FFD9127}.Debug|Any CPU.ActiveCfg = Debug|Any CPU
		{B5B5EDBD-80A7-424A-B478-C5175FFD9127}.Debug|Any CPU.Build.0 = Debug|Any CPU
		{B5B5EDBD-80A7-424A-B478-C5175FFD9127}.Release|Any CPU.ActiveCfg = Release|Any CPU
		{B5B5EDBD-80A7-424A-B478-C5175FFD9127}.Release|Any CPU.Build.0 = Release|Any CPU
		{92F1C164-9A84-4766-A124-A1C878B44796}.Debug|Any CPU.ActiveCfg = Debug|Any CPU
		{92F1C164-9A84-4766-A124-A1C878B44796}.Debug|Any CPU.Build.0 = Debug|Any CPU
		{92F1C164-9A84-4766-A124-A1C878B44796}.Release|Any CPU.ActiveCfg = Release|Any CPU
		{92F1C164-9A84-4766-A124-A1C878B44796}.Release|Any CPU.Build.0 = Release|Any CPU
		{EEBCFD1F-0DA3-410F-AD96-F86EE7C1DFC2}.Debug|Any CPU.ActiveCfg = Debug|Any CPU
		{EEBCFD1F-0DA3-410F-AD96-F86EE7C1DFC2}.Debug|Any CPU.Build.0 = Debug|Any CPU
		{EEBCFD1F-0DA3-410F-AD96-F86EE7C1DFC2}.Release|Any CPU.ActiveCfg = Release|Any CPU
		{EEBCFD1F-0DA3-410F-AD96-F86EE7C1DFC2}.Release|Any CPU.Build.0 = Release|Any CPU
		{ED2EF96E-4CB6-433A-9772-B80A6BDBFD82}.Debug|Any CPU.ActiveCfg = Debug|Any CPU
		{ED2EF96E-4CB6-433A-9772-B80A6BDBFD82}.Debug|Any CPU.Build.0 = Debug|Any CPU
		{ED2EF96E-4CB6-433A-9772-B80A6BDBFD82}.Release|Any CPU.ActiveCfg = Release|Any CPU
		{ED2EF96E-4CB6-433A-9772-B80A6BDBFD82}.Release|Any CPU.Build.0 = Release|Any CPU
		{F4F1F08C-8182-4EA2-9410-16EF1A3FF7A6}.Debug|Any CPU.ActiveCfg = Debug|Any CPU
		{F4F1F08C-8182-4EA2-9410-16EF1A3FF7A6}.Debug|Any CPU.Build.0 = Debug|Any CPU
		{F4F1F08C-8182-4EA2-9410-16EF1A3FF7A6}.Release|Any CPU.ActiveCfg = Release|Any CPU
		{F4F1F08C-8182-4EA2-9410-16EF1A3FF7A6}.Release|Any CPU.Build.0 = Release|Any CPU
		{B030CAAE-34D9-4E0B-A5CC-495CC5EE8FB7}.Debug|Any CPU.ActiveCfg = Debug|Any CPU
		{B030CAAE-34D9-4E0B-A5CC-495CC5EE8FB7}.Debug|Any CPU.Build.0 = Debug|Any CPU
		{B030CAAE-34D9-4E0B-A5CC-495CC5EE8FB7}.Release|Any CPU.ActiveCfg = Release|Any CPU
		{B030CAAE-34D9-4E0B-A5CC-495CC5EE8FB7}.Release|Any CPU.Build.0 = Release|Any CPU
		{A281EC8D-5980-4C8F-985D-06E534B7E51F}.Debug|Any CPU.ActiveCfg = Debug|Any CPU
		{A281EC8D-5980-4C8F-985D-06E534B7E51F}.Debug|Any CPU.Build.0 = Debug|Any CPU
		{A281EC8D-5980-4C8F-985D-06E534B7E51F}.Release|Any CPU.ActiveCfg = Release|Any CPU
		{A281EC8D-5980-4C8F-985D-06E534B7E51F}.Release|Any CPU.Build.0 = Release|Any CPU
		{8F7183DA-681C-4222-AF1F-7DCD8B416322}.Debug|Any CPU.ActiveCfg = Debug|Any CPU
		{8F7183DA-681C-4222-AF1F-7DCD8B416322}.Debug|Any CPU.Build.0 = Debug|Any CPU
		{8F7183DA-681C-4222-AF1F-7DCD8B416322}.Release|Any CPU.ActiveCfg = Release|Any CPU
		{8F7183DA-681C-4222-AF1F-7DCD8B416322}.Release|Any CPU.Build.0 = Release|Any CPU
		{189C79B3-8544-4A8C-BDCC-B356F0F3117D}.Debug|Any CPU.ActiveCfg = Debug|Any CPU
		{189C79B3-8544-4A8C-BDCC-B356F0F3117D}.Debug|Any CPU.Build.0 = Debug|Any CPU
		{189C79B3-8544-4A8C-BDCC-B356F0F3117D}.Release|Any CPU.ActiveCfg = Release|Any CPU
		{189C79B3-8544-4A8C-BDCC-B356F0F3117D}.Release|Any CPU.Build.0 = Release|Any CPU
		{FB422FF8-2500-4482-A0A0-E3E2B536CA16}.Debug|Any CPU.ActiveCfg = Debug|Any CPU
		{FB422FF8-2500-4482-A0A0-E3E2B536CA16}.Debug|Any CPU.Build.0 = Debug|Any CPU
		{FB422FF8-2500-4482-A0A0-E3E2B536CA16}.Release|Any CPU.ActiveCfg = Release|Any CPU
		{FB422FF8-2500-4482-A0A0-E3E2B536CA16}.Release|Any CPU.Build.0 = Release|Any CPU
		{2B122852-9C8C-43BA-AF82-CA7FFB3BB54C}.Debug|Any CPU.ActiveCfg = Debug|Any CPU
		{2B122852-9C8C-43BA-AF82-CA7FFB3BB54C}.Debug|Any CPU.Build.0 = Debug|Any CPU
		{2B122852-9C8C-43BA-AF82-CA7FFB3BB54C}.Release|Any CPU.ActiveCfg = Release|Any CPU
		{2B122852-9C8C-43BA-AF82-CA7FFB3BB54C}.Release|Any CPU.Build.0 = Release|Any CPU
	EndGlobalSection
	GlobalSection(NestedProjects) = preSolution
		{2B122852-9C8C-43BA-AF82-CA7FFB3BB54C} = {2515E96D-5690-438B-AB99-DB4E42F041DF}
		{FB422FF8-2500-4482-A0A0-E3E2B536CA16} = {2515E96D-5690-438B-AB99-DB4E42F041DF}
		{189C79B3-8544-4A8C-BDCC-B356F0F3117D} = {2515E96D-5690-438B-AB99-DB4E42F041DF}
		{8F7183DA-681C-4222-AF1F-7DCD8B416322} = {2515E96D-5690-438B-AB99-DB4E42F041DF}
		{A281EC8D-5980-4C8F-985D-06E534B7E51F} = {2515E96D-5690-438B-AB99-DB4E42F041DF}
		{B030CAAE-34D9-4E0B-A5CC-495CC5EE8FB7} = {2515E96D-5690-438B-AB99-DB4E42F041DF}
		{F4F1F08C-8182-4EA2-9410-16EF1A3FF7A6} = {2515E96D-5690-438B-AB99-DB4E42F041DF}
		{ED2EF96E-4CB6-433A-9772-B80A6BDBFD82} = {2515E96D-5690-438B-AB99-DB4E42F041DF}
		{B5B5EDBD-80A7-424A-B478-C5175FFD9127} = {8DD05C47-E45B-475F-B519-487B14530D17}
		{513A073F-CFC2-42FD-A7D6-1AAA8B25796F} = {8DD05C47-E45B-475F-B519-487B14530D17}
		{75A055BF-8F34-42C9-95B2-53F1F795F3ED} = {8DD05C47-E45B-475F-B519-487B14530D17}
		{6206D7F5-3E58-4CF2-9E15-54523CE89A60} = {8DD05C47-E45B-475F-B519-487B14530D17}
		{CF78D680-FFCE-4478-8784-FFB5CB4209ED} = {8DD05C47-E45B-475F-B519-487B14530D17}
		{51A5BEF4-1E56-4B24-8C37-6FF8AFBBEA86} = {8DD05C47-E45B-475F-B519-487B14530D17}
		{92F1C164-9A84-4766-A124-A1C878B44796} = {8DD05C47-E45B-475F-B519-487B14530D17}
		{EEBCFD1F-0DA3-410F-AD96-F86EE7C1DFC2} = {8DD05C47-E45B-475F-B519-487B14530D17}
		{8DD05C47-E45B-475F-B519-487B14530D17} = {877BD294-6816-4C56-A7B3-0B63A22CF582}
		{B176233C-F19F-4904-8E46-1AAF0E1EBDE1} = {BDA705C4-054E-49FB-999D-BD8873629E48}
		{DD9771B6-EA1F-4684-9848-9961576624C8} = {B176233C-F19F-4904-8E46-1AAF0E1EBDE1}
		{AD5FEDEA-2239-4982-87C8-7404FB4B2E0F} = {B176233C-F19F-4904-8E46-1AAF0E1EBDE1}
		{D00FDFBF-6EBA-4743-BBE2-78085F262FAC} = {B176233C-F19F-4904-8E46-1AAF0E1EBDE1}
		{5EAF7F28-F63E-4B2B-873E-631B640559E8} = {B176233C-F19F-4904-8E46-1AAF0E1EBDE1}
		{25C3CB72-4FE4-4947-AE06-F330CCCAA9B3} = {BDA705C4-054E-49FB-999D-BD8873629E48}
		{90574E4D-E9E9-4C1C-A6F9-E06673AEDF47} = {BDA705C4-054E-49FB-999D-BD8873629E48}
		{D8C1E9B1-4F3D-4205-8712-DAD677DA6CDC} = {BDA705C4-054E-49FB-999D-BD8873629E48}
		{572B6957-081A-415F-9C1C-841BB448F1C1} = {25C3CB72-4FE4-4947-AE06-F330CCCAA9B3}
		{DB4723C7-1E56-4B02-8F2A-088DE206A05B} = {25C3CB72-4FE4-4947-AE06-F330CCCAA9B3}
		{C095E32C-46C9-494F-BA08-788FF2EC0934} = {25C3CB72-4FE4-4947-AE06-F330CCCAA9B3}
		{D6A6761B-C2AF-4668-873C-4B3729E2E0AC} = {25C3CB72-4FE4-4947-AE06-F330CCCAA9B3}
		{54128D74-B864-4458-BAC3-F5794F6499C7} = {25C3CB72-4FE4-4947-AE06-F330CCCAA9B3}
		{E18A15D7-09E6-43DB-A245-3145DBEF23BB} = {FD68E05D-ED61-483E-925A-9B23436C8F71}
		{F6CFA392-A3A1-40BC-919B-BC4E96F50C97} = {0E30065F-4B46-4A2A-B59A-517383CC5273}
		{E78C8173-E470-4AD7-A22B-E3AC32D09023} = {0E30065F-4B46-4A2A-B59A-517383CC5273}
		{457EF28E-7A12-4C25-8CFA-F16182852DB9} = {0E30065F-4B46-4A2A-B59A-517383CC5273}
		{88F190EC-AFD6-4379-B598-43F30480C296} = {0E30065F-4B46-4A2A-B59A-517383CC5273}
		{2E69B2C7-4210-4C65-A028-3457D82AB556} = {0E30065F-4B46-4A2A-B59A-517383CC5273}
		{D5F1670E-DE41-48BF-9ADF-50143FBB2F0B} = {D8C1E9B1-4F3D-4205-8712-DAD677DA6CDC}
		{CCF73EE2-9BED-4F52-B4BC-BC6585F6987F} = {D8C1E9B1-4F3D-4205-8712-DAD677DA6CDC}
		{01C55A5D-7144-4EFC-969F-C712DF33E937} = {D8C1E9B1-4F3D-4205-8712-DAD677DA6CDC}
		{8FC6B6FD-4373-4C50-AF84-7002EF196F05} = {90574E4D-E9E9-4C1C-A6F9-E06673AEDF47}
		{34D349B9-274E-4897-8D79-4A07DF79B330} = {90574E4D-E9E9-4C1C-A6F9-E06673AEDF47}
		{54F1046F-FBF8-4243-9AF6-64015785A3B1} = {90574E4D-E9E9-4C1C-A6F9-E06673AEDF47}
		{C861219D-969D-48EB-A1D4-DB9ED0E6776F} = {E18A15D7-09E6-43DB-A245-3145DBEF23BB}
		{6CE8A093-D436-4742-A936-11864D7E84B6} = {E18A15D7-09E6-43DB-A245-3145DBEF23BB}
		{F321A670-9825-4A3E-A66D-F29485ECBDAF} = {E18A15D7-09E6-43DB-A245-3145DBEF23BB}
		{CD999C8F-377E-4A24-ACB7-614D3F061A8A} = {E18A15D7-09E6-43DB-A245-3145DBEF23BB}
		{EECFF4A8-22C5-421B-938E-250546CF251D} = {F6CFA392-A3A1-40BC-919B-BC4E96F50C97}
		{87A55A2D-495D-49B7-96C4-327640E1DEFF} = {F6CFA392-A3A1-40BC-919B-BC4E96F50C97}
		{7E1825B0-6C34-47F2-B63A-A72E09F72E06} = {E78C8173-E470-4AD7-A22B-E3AC32D09023}
		{5F4C2E7C-99FF-4913-B169-A3C9B79D5C22} = {E78C8173-E470-4AD7-A22B-E3AC32D09023}
		{52AB4200-05CE-4283-8B0A-B3D5C8B02B86} = {E78C8173-E470-4AD7-A22B-E3AC32D09023}
		{42B8F922-1804-4EBE-B294-5EA7E3DDA623} = {457EF28E-7A12-4C25-8CFA-F16182852DB9}
		{7322688D-7FDF-4EE2-B5B8-DD90488E88E8} = {457EF28E-7A12-4C25-8CFA-F16182852DB9}
		{459D925F-07B2-4F4F-ADF0-E284085D5EC2} = {457EF28E-7A12-4C25-8CFA-F16182852DB9}
		{FCC3A573-C9C8-4FB6-BC4E-9DDC6DE2084F} = {457EF28E-7A12-4C25-8CFA-F16182852DB9}
		{0A0C426E-69C3-4481-9B5E-28ADA5B9CA5E} = {88F190EC-AFD6-4379-B598-43F30480C296}
		{2FB5F560-8562-47CF-910A-013F5F263934} = {88F190EC-AFD6-4379-B598-43F30480C296}
		{31868794-0028-4DD1-AF18-35746281A574} = {88F190EC-AFD6-4379-B598-43F30480C296}
		{1A8C9191-5504-4D09-9D53-0F6E6C8B3DFF} = {88F190EC-AFD6-4379-B598-43F30480C296}
		{5790D6DA-8F71-408C-A1D0-C76F0F532DFF} = {0E30065F-4B46-4A2A-B59A-517383CC5273}
		{69B645DD-98FC-4A12-B9E9-F64C573A9DD2} = {0E30065F-4B46-4A2A-B59A-517383CC5273}
		{D16A2988-0DB6-4AF7-994D-588F9EC7FEAC} = {88F190EC-AFD6-4379-B598-43F30480C296}
		{E75B9368-540E-4133-9121-B0BFDA05BA1A} = {3CFF6FA2-AB23-49A4-BFBA-7263FD050C32}
	EndGlobalSection
EndGlobal
