
Microsoft Visual Studio Solution File, Format Version 12.00
# Visual Studio Version 17
VisualStudioVersion = 17.0.31903.59
MinimumVisualStudioVersion = 10.0.40219.1
Project("{FAE04EC0-301F-11D3-BF4B-00C04F79EFBC}") = "Calculator", "ProjectB\Calculator.csproj", "{184BABCF-2573-4F19-9482-44060AD07309}"
EndProject
Project("{FAE04EC0-301F-11D3-BF4B-00C04F79EFBC}") = "Object", "ProjectA\Object.csproj", "{B5232FDE-E1E2-4A4D-9AF1-3A998C0DADBA}"
EndProject
Project("{FAE04EC0-301F-11D3-BF4B-00C04F79EFBC}") = "Constructor", "ProjectC\Constructor.csproj", "{094F0F5F-04E2-4753-8DDD-68DDE7BE27D7}"
EndProject
Project("{2150E333-8FDC-42A3-9474-1A3956D46DE8}") = "Day1", "Day1", "{1EE6965C-DC07-4B00-B610-8264852151C2}"
EndProject
Project("{2150E333-8FDC-42A3-9474-1A3956D46DE8}") = "Day2", "Day2", "{7E631713-F6AF-4866-9B69-B24617A7C709}"
EndProject
Global
	GlobalSection(SolutionConfigurationPlatforms) = preSolution
		Debug|Any CPU = Debug|Any CPU
		Release|Any CPU = Release|Any CPU
	EndGlobalSection
	GlobalSection(SolutionProperties) = preSolution
		HideSolutionNode = FALSE
	EndGlobalSection
	GlobalSection(ProjectConfigurationPlatforms) = postSolution
		{6DCAEAAE-2B2A-455F-ABEE-A7E6E5AAC8AE}.Debug|Any CPU.ActiveCfg = Debug|Any CPU
		{6DCAEAAE-2B2A-455F-ABEE-A7E6E5AAC8AE}.Debug|Any CPU.Build.0 = Debug|Any CPU
		{6DCAEAAE-2B2A-455F-ABEE-A7E6E5AAC8AE}.Release|Any CPU.ActiveCfg = Release|Any CPU
		{6DCAEAAE-2B2A-455F-ABEE-A7E6E5AAC8AE}.Release|Any CPU.Build.0 = Release|Any CPU
		{184BABCF-2573-4F19-9482-44060AD07309}.Debug|Any CPU.ActiveCfg = Debug|Any CPU
		{184BABCF-2573-4F19-9482-44060AD07309}.Debug|Any CPU.Build.0 = Debug|Any CPU
		{184BABCF-2573-4F19-9482-44060AD07309}.Release|Any CPU.ActiveCfg = Release|Any CPU
		{184BABCF-2573-4F19-9482-44060AD07309}.Release|Any CPU.Build.0 = Release|Any CPU
		{CED44FDB-74FD-48BE-B30E-13024C65C179}.Debug|Any CPU.ActiveCfg = Debug|Any CPU
		{CED44FDB-74FD-48BE-B30E-13024C65C179}.Debug|Any CPU.Build.0 = Debug|Any CPU
		{CED44FDB-74FD-48BE-B30E-13024C65C179}.Release|Any CPU.ActiveCfg = Release|Any CPU
		{CED44FDB-74FD-48BE-B30E-13024C65C179}.Release|Any CPU.Build.0 = Release|Any CPU
		{B5232FDE-E1E2-4A4D-9AF1-3A998C0DADBA}.Debug|Any CPU.ActiveCfg = Debug|Any CPU
		{B5232FDE-E1E2-4A4D-9AF1-3A998C0DADBA}.Debug|Any CPU.Build.0 = Debug|Any CPU
		{B5232FDE-E1E2-4A4D-9AF1-3A998C0DADBA}.Release|Any CPU.ActiveCfg = Release|Any CPU
		{B5232FDE-E1E2-4A4D-9AF1-3A998C0DADBA}.Release|Any CPU.Build.0 = Release|Any CPU
		{094F0F5F-04E2-4753-8DDD-68DDE7BE27D7}.Debug|Any CPU.ActiveCfg = Debug|Any CPU
		{094F0F5F-04E2-4753-8DDD-68DDE7BE27D7}.Debug|Any CPU.Build.0 = Debug|Any CPU
		{094F0F5F-04E2-4753-8DDD-68DDE7BE27D7}.Release|Any CPU.ActiveCfg = Release|Any CPU
		{094F0F5F-04E2-4753-8DDD-68DDE7BE27D7}.Release|Any CPU.Build.0 = Release|Any CPU
	EndGlobalSection
	GlobalSection(NestedProjects) = preSolution
		{094F0F5F-04E2-4753-8DDD-68DDE7BE27D7} = {7E631713-F6AF-4866-9B69-B24617A7C709}
		{184BABCF-2573-4F19-9482-44060AD07309} = {1EE6965C-DC07-4B00-B610-8264852151C2}
		{B5232FDE-E1E2-4A4D-9AF1-3A998C0DADBA} = {1EE6965C-DC07-4B00-B610-8264852151C2}
	EndGlobalSection
EndGlobal
